
Microsoft Visual Studio Solution File, Format Version 12.00
# Visual Studio Version 16
VisualStudioVersion = 16.0.31025.194
MinimumVisualStudioVersion = 10.0.40219.1
Project("{FAE04EC0-301F-11D3-BF4B-00C04F79EFBC}") = "CarRental", "CarRental\CarRental.csproj", "{996324CC-638C-4D11-869A-7EC765B2F762}"
EndProject
Global
	GlobalSection(SolutionConfigurationPlatforms) = preSolution
		Debug|Any CPU = Debug|Any CPU
		Release|Any CPU = Release|Any CPU
	EndGlobalSection
	GlobalSection(ProjectConfigurationPlatforms) = postSolution
		{996324CC-638C-4D11-869A-7EC765B2F762}.Debug|Any CPU.ActiveCfg = Debug|Any CPU
		{996324CC-638C-4D11-869A-7EC765B2F762}.Debug|Any CPU.Build.0 = Debug|Any CPU
		{996324CC-638C-4D11-869A-7EC765B2F762}.Release|Any CPU.ActiveCfg = Release|Any CPU
		{996324CC-638C-4D11-869A-7EC765B2F762}.Release|Any CPU.Build.0 = Release|Any CPU
	EndGlobalSection
	GlobalSection(SolutionProperties) = preSolution
		HideSolutionNode = FALSE
	EndGlobalSection
	GlobalSection(ExtensibilityGlobals) = postSolution
		SolutionGuid = {B62CB88C-DBB9-4A57-BC5C-973CE11644E0}
	EndGlobalSection
EndGlobal
